
Microsoft Visual Studio Solution File, Format Version 12.00
# Visual Studio Version 16
VisualStudioVersion = 16.0.31112.23
MinimumVisualStudioVersion = 10.0.40219.1
Project("{FAE04EC0-301F-11D3-BF4B-00C04F79EFBC}") = "WpfAppiumOsztas", "WpfAppiumOsztas\WpfAppiumOsztas.csproj", "{78173CF0-F8E8-49CF-BED8-53CF59532D85}"
EndProject
Project("{FAE04EC0-301F-11D3-BF4B-00C04F79EFBC}") = "OsztasTeszt", "OsztasTeszt\OsztasTeszt.csproj", "{B8227F7A-76A1-49F0-948E-072E9C6D1ECE}"
EndProject
Global
	GlobalSection(SolutionConfigurationPlatforms) = preSolution
		Debug|Any CPU = Debug|Any CPU
		Release|Any CPU = Release|Any CPU
	EndGlobalSection
	GlobalSection(ProjectConfigurationPlatforms) = postSolution
		{78173CF0-F8E8-49CF-BED8-53CF59532D85}.Debug|Any CPU.ActiveCfg = Debug|Any CPU
		{78173CF0-F8E8-49CF-BED8-53CF59532D85}.Debug|Any CPU.Build.0 = Debug|Any CPU
		{78173CF0-F8E8-49CF-BED8-53CF59532D85}.Release|Any CPU.ActiveCfg = Release|Any CPU
		{78173CF0-F8E8-49CF-BED8-53CF59532D85}.Release|Any CPU.Build.0 = Release|Any CPU
		{B8227F7A-76A1-49F0-948E-072E9C6D1ECE}.Debug|Any CPU.ActiveCfg = Debug|Any CPU
		{B8227F7A-76A1-49F0-948E-072E9C6D1ECE}.Debug|Any CPU.Build.0 = Debug|Any CPU
		{B8227F7A-76A1-49F0-948E-072E9C6D1ECE}.Release|Any CPU.ActiveCfg = Release|Any CPU
		{B8227F7A-76A1-49F0-948E-072E9C6D1ECE}.Release|Any CPU.Build.0 = Release|Any CPU
	EndGlobalSection
	GlobalSection(SolutionProperties) = preSolution
		HideSolutionNode = FALSE
	EndGlobalSection
	GlobalSection(ExtensibilityGlobals) = postSolution
		SolutionGuid = {CFE6F117-A927-433F-843A-330D44207F5D}
	EndGlobalSection
EndGlobal
