
Microsoft Visual Studio Solution File, Format Version 12.00
# Visual Studio Version 16
VisualStudioVersion = 16.0.31129.286
MinimumVisualStudioVersion = 10.0.40219.1
Project("{FAE04EC0-301F-11D3-BF4B-00C04F79EFBC}") = "MintaVizsga2020", "MintaVizsga2020\MintaVizsga2020.csproj", "{538A9B95-6603-4AC3-A953-C023DF3D3A68}"
EndProject
Global
	GlobalSection(SolutionConfigurationPlatforms) = preSolution
		Debug|Any CPU = Debug|Any CPU
		Release|Any CPU = Release|Any CPU
	EndGlobalSection
	GlobalSection(ProjectConfigurationPlatforms) = postSolution
		{538A9B95-6603-4AC3-A953-C023DF3D3A68}.Debug|Any CPU.ActiveCfg = Debug|Any CPU
		{538A9B95-6603-4AC3-A953-C023DF3D3A68}.Debug|Any CPU.Build.0 = Debug|Any CPU
		{538A9B95-6603-4AC3-A953-C023DF3D3A68}.Release|Any CPU.ActiveCfg = Release|Any CPU
		{538A9B95-6603-4AC3-A953-C023DF3D3A68}.Release|Any CPU.Build.0 = Release|Any CPU
	EndGlobalSection
	GlobalSection(SolutionProperties) = preSolution
		HideSolutionNode = FALSE
	EndGlobalSection
	GlobalSection(ExtensibilityGlobals) = postSolution
		SolutionGuid = {528261A9-9BEE-4539-AAFB-45170318C2F7}
	EndGlobalSection
EndGlobal
