
Microsoft Visual Studio Solution File, Format Version 12.00
# Visual Studio Version 16
VisualStudioVersion = 16.0.30907.101
MinimumVisualStudioVersion = 10.0.40219.1
Project("{FAE04EC0-301F-11D3-BF4B-00C04F79EFBC}") = "EFAuto14IEMigration", "EFAuto14IEMigration\EFAuto14IEMigration.csproj", "{2FB6CA07-B1F1-4140-BA65-05231DB35572}"
EndProject
Global
	GlobalSection(SolutionConfigurationPlatforms) = preSolution
		Debug|Any CPU = Debug|Any CPU
		Release|Any CPU = Release|Any CPU
	EndGlobalSection
	GlobalSection(ProjectConfigurationPlatforms) = postSolution
		{2FB6CA07-B1F1-4140-BA65-05231DB35572}.Debug|Any CPU.ActiveCfg = Debug|Any CPU
		{2FB6CA07-B1F1-4140-BA65-05231DB35572}.Debug|Any CPU.Build.0 = Debug|Any CPU
		{2FB6CA07-B1F1-4140-BA65-05231DB35572}.Release|Any CPU.ActiveCfg = Release|Any CPU
		{2FB6CA07-B1F1-4140-BA65-05231DB35572}.Release|Any CPU.Build.0 = Release|Any CPU
	EndGlobalSection
	GlobalSection(SolutionProperties) = preSolution
		HideSolutionNode = FALSE
	EndGlobalSection
	GlobalSection(ExtensibilityGlobals) = postSolution
		SolutionGuid = {0EB87EC6-7663-4A4C-9A86-4BF6C004197F}
	EndGlobalSection
EndGlobal
